
Microsoft Visual Studio Solution File, Format Version 12.00
# Visual Studio Version 17
VisualStudioVersion = 17.7.34221.43
MinimumVisualStudioVersion = 10.0.40219.1
Project("{FAE04EC0-301F-11D3-BF4B-00C04F79EFBC}") = "GrpcService", "GrpcService\GrpcService.csproj", "{9C24E667-278D-4AA3-B220-2BDFC5CE7361}"
EndProject
Project("{FAE04EC0-301F-11D3-BF4B-00C04F79EFBC}") = "GrpcClientApp", "GrpcClientApp\GrpcClientApp.csproj", "{585B7C54-6D6B-436F-A1EF-0AB90F59FB2A}"
EndProject
Global
	GlobalSection(SolutionConfigurationPlatforms) = preSolution
		Debug|Any CPU = Debug|Any CPU
		Release|Any CPU = Release|Any CPU
	EndGlobalSection
	GlobalSection(ProjectConfigurationPlatforms) = postSolution
		{9C24E667-278D-4AA3-B220-2BDFC5CE7361}.Debug|Any CPU.ActiveCfg = Debug|Any CPU
		{9C24E667-278D-4AA3-B220-2BDFC5CE7361}.Debug|Any CPU.Build.0 = Debug|Any CPU
		{9C24E667-278D-4AA3-B220-2BDFC5CE7361}.Release|Any CPU.ActiveCfg = Release|Any CPU
		{9C24E667-278D-4AA3-B220-2BDFC5CE7361}.Release|Any CPU.Build.0 = Release|Any CPU
		{585B7C54-6D6B-436F-A1EF-0AB90F59FB2A}.Debug|Any CPU.ActiveCfg = Debug|Any CPU
		{585B7C54-6D6B-436F-A1EF-0AB90F59FB2A}.Debug|Any CPU.Build.0 = Debug|Any CPU
		{585B7C54-6D6B-436F-A1EF-0AB90F59FB2A}.Release|Any CPU.ActiveCfg = Release|Any CPU
		{585B7C54-6D6B-436F-A1EF-0AB90F59FB2A}.Release|Any CPU.Build.0 = Release|Any CPU
	EndGlobalSection
	GlobalSection(SolutionProperties) = preSolution
		HideSolutionNode = FALSE
	EndGlobalSection
	GlobalSection(ExtensibilityGlobals) = postSolution
		SolutionGuid = {D69208A3-3E8E-4163-8379-16D3091109FD}
	EndGlobalSection
EndGlobal
